
Microsoft Visual Studio Solution File, Format Version 12.00
# Visual Studio Version 17
VisualStudioVersion = 17.4.33103.184
MinimumVisualStudioVersion = 10.0.40219.1
Project("{2150E333-8FDC-42A3-9474-1A3956D46DE8}") = "WSDomain", "WSDomain", "{781DB986-05C2-422A-BF44-FF47812A205E}"
EndProject
Project("{2150E333-8FDC-42A3-9474-1A3956D46DE8}") = "WSApplication", "WSApplication", "{2A33DECF-87D7-48F0-AA9D-B83A7A5B77A9}"
EndProject
Project("{2150E333-8FDC-42A3-9474-1A3956D46DE8}") = "WSInfraestructure", "WSInfraestructure", "{FB3C24F2-91CE-4A04-9554-0517EEF211CB}"
EndProject
Project("{2150E333-8FDC-42A3-9474-1A3956D46DE8}") = "WSServices", "WSServices", "{BCD975B2-216F-4344-A12C-A88A31710CB7}"
EndProject
Project("{2150E333-8FDC-42A3-9474-1A3956D46DE8}") = "WSTransversal", "WSTransversal", "{6340F0B1-AA1F-4C77-882B-FF9E2DE863DF}"
EndProject
Project("{FAE04EC0-301F-11D3-BF4B-00C04F79EFBC}") = "WSInfraestructure.Data", "WSInfraestructure.Data\WSInfraestructure.Data.csproj", "{0FEBA269-0CE3-4919-9E32-0E2DA1CF9E97}"
EndProject
Project("{FAE04EC0-301F-11D3-BF4B-00C04F79EFBC}") = "WSInfraestructure.Interface", "WSInfraestructure.Interface\WSInfraestructure.Interface.csproj", "{A709D6D9-4FDC-462D-846A-06A8979E36B4}"
EndProject
Project("{FAE04EC0-301F-11D3-BF4B-00C04F79EFBC}") = "WSInfraestructure.Repository", "WSInfraestructure.Repository\WSInfraestructure.Repository.csproj", "{82B20B75-FBD5-4467-98A1-37B48CB009FE}"
EndProject
Project("{FAE04EC0-301F-11D3-BF4B-00C04F79EFBC}") = "WSDomain.Core", "WSDomain.Core\WSDomain.Core.csproj", "{7F4499F6-6870-4244-8C5E-4DBEEC8C9922}"
EndProject
Project("{FAE04EC0-301F-11D3-BF4B-00C04F79EFBC}") = "WSDomain.Entity", "WSDomain.Entity\WSDomain.Entity.csproj", "{5A46A6EF-89CF-4549-88ED-78A7667D00C8}"
EndProject
Project("{FAE04EC0-301F-11D3-BF4B-00C04F79EFBC}") = "WSDomain.Interface", "WSDomain.Interface\WSDomain.Interface.csproj", "{D010A9BE-DAA2-4825-B234-D01A3EFD8540}"
EndProject
Project("{FAE04EC0-301F-11D3-BF4B-00C04F79EFBC}") = "WSApplication.DTO", "WSApplication.DTO\WSApplication.DTO.csproj", "{4479FD54-25A8-4B1D-8B6D-E09A979BAF14}"
EndProject
Project("{FAE04EC0-301F-11D3-BF4B-00C04F79EFBC}") = "WSApplication.Interface", "WSApplication.Interface\WSApplication.Interface.csproj", "{BCA19486-F512-4707-AB3B-0D2410B4D5BE}"
EndProject
Project("{FAE04EC0-301F-11D3-BF4B-00C04F79EFBC}") = "WSApplication.Main", "WSApplication.Main\WSApplication.Main.csproj", "{98502B10-DB26-4A7E-8B81-A63946F1A6AE}"
EndProject
Project("{FAE04EC0-301F-11D3-BF4B-00C04F79EFBC}") = "WSServices.API", "WSServices.API\WSServices.API.csproj", "{EC4115E9-9868-4A25-A991-B94E31D63F5B}"
EndProject
Project("{FAE04EC0-301F-11D3-BF4B-00C04F79EFBC}") = "WSTransversal.Common", "WSTransversal.Common\WSTransversal.Common.csproj", "{A6170A1A-27C4-41FC-9EEA-D0928D88F00E}"
EndProject
Project("{FAE04EC0-301F-11D3-BF4B-00C04F79EFBC}") = "WSTransversal.Mapper", "WSTransversal.Mapper\WSTransversal.Mapper.csproj", "{76B04CA4-3BAF-47D6-AD8D-D0920DA0767E}"
EndProject
Global
	GlobalSection(SolutionConfigurationPlatforms) = preSolution
		Debug|Any CPU = Debug|Any CPU
		Release|Any CPU = Release|Any CPU
	EndGlobalSection
	GlobalSection(ProjectConfigurationPlatforms) = postSolution
		{0FEBA269-0CE3-4919-9E32-0E2DA1CF9E97}.Debug|Any CPU.ActiveCfg = Debug|Any CPU
		{0FEBA269-0CE3-4919-9E32-0E2DA1CF9E97}.Debug|Any CPU.Build.0 = Debug|Any CPU
		{0FEBA269-0CE3-4919-9E32-0E2DA1CF9E97}.Release|Any CPU.ActiveCfg = Release|Any CPU
		{0FEBA269-0CE3-4919-9E32-0E2DA1CF9E97}.Release|Any CPU.Build.0 = Release|Any CPU
		{A709D6D9-4FDC-462D-846A-06A8979E36B4}.Debug|Any CPU.ActiveCfg = Debug|Any CPU
		{A709D6D9-4FDC-462D-846A-06A8979E36B4}.Debug|Any CPU.Build.0 = Debug|Any CPU
		{A709D6D9-4FDC-462D-846A-06A8979E36B4}.Release|Any CPU.ActiveCfg = Release|Any CPU
		{A709D6D9-4FDC-462D-846A-06A8979E36B4}.Release|Any CPU.Build.0 = Release|Any CPU
		{82B20B75-FBD5-4467-98A1-37B48CB009FE}.Debug|Any CPU.ActiveCfg = Debug|Any CPU
		{82B20B75-FBD5-4467-98A1-37B48CB009FE}.Debug|Any CPU.Build.0 = Debug|Any CPU
		{82B20B75-FBD5-4467-98A1-37B48CB009FE}.Release|Any CPU.ActiveCfg = Release|Any CPU
		{82B20B75-FBD5-4467-98A1-37B48CB009FE}.Release|Any CPU.Build.0 = Release|Any CPU
		{7F4499F6-6870-4244-8C5E-4DBEEC8C9922}.Debug|Any CPU.ActiveCfg = Debug|Any CPU
		{7F4499F6-6870-4244-8C5E-4DBEEC8C9922}.Debug|Any CPU.Build.0 = Debug|Any CPU
		{7F4499F6-6870-4244-8C5E-4DBEEC8C9922}.Release|Any CPU.ActiveCfg = Release|Any CPU
		{7F4499F6-6870-4244-8C5E-4DBEEC8C9922}.Release|Any CPU.Build.0 = Release|Any CPU
		{5A46A6EF-89CF-4549-88ED-78A7667D00C8}.Debug|Any CPU.ActiveCfg = Debug|Any CPU
		{5A46A6EF-89CF-4549-88ED-78A7667D00C8}.Debug|Any CPU.Build.0 = Debug|Any CPU
		{5A46A6EF-89CF-4549-88ED-78A7667D00C8}.Release|Any CPU.ActiveCfg = Release|Any CPU
		{5A46A6EF-89CF-4549-88ED-78A7667D00C8}.Release|Any CPU.Build.0 = Release|Any CPU
		{D010A9BE-DAA2-4825-B234-D01A3EFD8540}.Debug|Any CPU.ActiveCfg = Debug|Any CPU
		{D010A9BE-DAA2-4825-B234-D01A3EFD8540}.Debug|Any CPU.Build.0 = Debug|Any CPU
		{D010A9BE-DAA2-4825-B234-D01A3EFD8540}.Release|Any CPU.ActiveCfg = Release|Any CPU
		{D010A9BE-DAA2-4825-B234-D01A3EFD8540}.Release|Any CPU.Build.0 = Release|Any CPU
		{4479FD54-25A8-4B1D-8B6D-E09A979BAF14}.Debug|Any CPU.ActiveCfg = Debug|Any CPU
		{4479FD54-25A8-4B1D-8B6D-E09A979BAF14}.Debug|Any CPU.Build.0 = Debug|Any CPU
		{4479FD54-25A8-4B1D-8B6D-E09A979BAF14}.Release|Any CPU.ActiveCfg = Release|Any CPU
		{4479FD54-25A8-4B1D-8B6D-E09A979BAF14}.Release|Any CPU.Build.0 = Release|Any CPU
		{BCA19486-F512-4707-AB3B-0D2410B4D5BE}.Debug|Any CPU.ActiveCfg = Debug|Any CPU
		{BCA19486-F512-4707-AB3B-0D2410B4D5BE}.Debug|Any CPU.Build.0 = Debug|Any CPU
		{BCA19486-F512-4707-AB3B-0D2410B4D5BE}.Release|Any CPU.ActiveCfg = Release|Any CPU
		{BCA19486-F512-4707-AB3B-0D2410B4D5BE}.Release|Any CPU.Build.0 = Release|Any CPU
		{98502B10-DB26-4A7E-8B81-A63946F1A6AE}.Debug|Any CPU.ActiveCfg = Debug|Any CPU
		{98502B10-DB26-4A7E-8B81-A63946F1A6AE}.Debug|Any CPU.Build.0 = Debug|Any CPU
		{98502B10-DB26-4A7E-8B81-A63946F1A6AE}.Release|Any CPU.ActiveCfg = Release|Any CPU
		{98502B10-DB26-4A7E-8B81-A63946F1A6AE}.Release|Any CPU.Build.0 = Release|Any CPU
		{EC4115E9-9868-4A25-A991-B94E31D63F5B}.Debug|Any CPU.ActiveCfg = Debug|Any CPU
		{EC4115E9-9868-4A25-A991-B94E31D63F5B}.Debug|Any CPU.Build.0 = Debug|Any CPU
		{EC4115E9-9868-4A25-A991-B94E31D63F5B}.Release|Any CPU.ActiveCfg = Release|Any CPU
		{EC4115E9-9868-4A25-A991-B94E31D63F5B}.Release|Any CPU.Build.0 = Release|Any CPU
		{A6170A1A-27C4-41FC-9EEA-D0928D88F00E}.Debug|Any CPU.ActiveCfg = Debug|Any CPU
		{A6170A1A-27C4-41FC-9EEA-D0928D88F00E}.Debug|Any CPU.Build.0 = Debug|Any CPU
		{A6170A1A-27C4-41FC-9EEA-D0928D88F00E}.Release|Any CPU.ActiveCfg = Release|Any CPU
		{A6170A1A-27C4-41FC-9EEA-D0928D88F00E}.Release|Any CPU.Build.0 = Release|Any CPU
		{76B04CA4-3BAF-47D6-AD8D-D0920DA0767E}.Debug|Any CPU.ActiveCfg = Debug|Any CPU
		{76B04CA4-3BAF-47D6-AD8D-D0920DA0767E}.Debug|Any CPU.Build.0 = Debug|Any CPU
		{76B04CA4-3BAF-47D6-AD8D-D0920DA0767E}.Release|Any CPU.ActiveCfg = Release|Any CPU
		{76B04CA4-3BAF-47D6-AD8D-D0920DA0767E}.Release|Any CPU.Build.0 = Release|Any CPU
	EndGlobalSection
	GlobalSection(SolutionProperties) = preSolution
		HideSolutionNode = FALSE
	EndGlobalSection
	GlobalSection(NestedProjects) = preSolution
		{0FEBA269-0CE3-4919-9E32-0E2DA1CF9E97} = {FB3C24F2-91CE-4A04-9554-0517EEF211CB}
		{A709D6D9-4FDC-462D-846A-06A8979E36B4} = {FB3C24F2-91CE-4A04-9554-0517EEF211CB}
		{82B20B75-FBD5-4467-98A1-37B48CB009FE} = {FB3C24F2-91CE-4A04-9554-0517EEF211CB}
		{7F4499F6-6870-4244-8C5E-4DBEEC8C9922} = {781DB986-05C2-422A-BF44-FF47812A205E}
		{5A46A6EF-89CF-4549-88ED-78A7667D00C8} = {781DB986-05C2-422A-BF44-FF47812A205E}
		{D010A9BE-DAA2-4825-B234-D01A3EFD8540} = {781DB986-05C2-422A-BF44-FF47812A205E}
		{4479FD54-25A8-4B1D-8B6D-E09A979BAF14} = {2A33DECF-87D7-48F0-AA9D-B83A7A5B77A9}
		{BCA19486-F512-4707-AB3B-0D2410B4D5BE} = {2A33DECF-87D7-48F0-AA9D-B83A7A5B77A9}
		{98502B10-DB26-4A7E-8B81-A63946F1A6AE} = {2A33DECF-87D7-48F0-AA9D-B83A7A5B77A9}
		{EC4115E9-9868-4A25-A991-B94E31D63F5B} = {BCD975B2-216F-4344-A12C-A88A31710CB7}
		{A6170A1A-27C4-41FC-9EEA-D0928D88F00E} = {6340F0B1-AA1F-4C77-882B-FF9E2DE863DF}
		{76B04CA4-3BAF-47D6-AD8D-D0920DA0767E} = {6340F0B1-AA1F-4C77-882B-FF9E2DE863DF}
	EndGlobalSection
	GlobalSection(ExtensibilityGlobals) = postSolution
		SolutionGuid = {9CDE24AC-C009-4C84-BC80-BE47042A4BAA}
	EndGlobalSection
EndGlobal
